
Microsoft Visual Studio Solution File, Format Version 12.00
# Visual Studio 2013
VisualStudioVersion = 12.0.0.0
MinimumVisualStudioVersion = 10.0.0.1
Project("{FAE04EC0-301F-11D3-BF4B-00C04F79EFBC}") = "DSJTournaments.SiteApi", "DSJTournaments.SiteApi\DSJTournaments.SiteApi.csproj", "{0CA0BA64-EB44-4972-B8DF-81DF9E4D5754}"
EndProject
Project("{FAE04EC0-301F-11D3-BF4B-00C04F79EFBC}") = "DSJTournaments.SiteApi.IntegrationTests", "DSJTournaments.SiteApi.IntegrationTests\DSJTournaments.SiteApi.IntegrationTests.csproj", "{A41FF0E6-0555-4B51-8C67-C7A1563007D0}"
EndProject
Project("{FAE04EC0-301F-11D3-BF4B-00C04F79EFBC}") = "DSJTournaments.SiteApi.UnitTests", "DSJTournaments.SiteApi.UnitTests\DSJTournaments.SiteApi.UnitTests.csproj", "{E3599A28-F0CF-41F6-8EC4-DBAF8ED425E6}"
EndProject
Project("{FAE04EC0-301F-11D3-BF4B-00C04F79EFBC}") = "DSJTournaments.Data", "..\shared\DSJTournaments.Data\DSJTournaments.Data.csproj", "{883D7048-554E-41A9-946E-89E286DB72AE}"
EndProject
Project("{FAE04EC0-301F-11D3-BF4B-00C04F79EFBC}") = "DSJTournaments.Mvc", "..\shared\DSJTournaments.Mvc\DSJTournaments.Mvc.csproj", "{B6CCA245-AE6C-40E3-97C6-BF250F8C1435}"
EndProject
Project("{2150E333-8FDC-42A3-9474-1A3956D46DE8}") = "Shared", "Shared", "{1020ADC8-CBEC-49FE-ADF3-62840291D87A}"
EndProject
Global
	GlobalSection(SolutionConfigurationPlatforms) = preSolution
		Debug|Any CPU = Debug|Any CPU
		Release|Any CPU = Release|Any CPU
	EndGlobalSection
	GlobalSection(ProjectConfigurationPlatforms) = postSolution
		{0CA0BA64-EB44-4972-B8DF-81DF9E4D5754}.Debug|Any CPU.ActiveCfg = Debug|Any CPU
		{0CA0BA64-EB44-4972-B8DF-81DF9E4D5754}.Debug|Any CPU.Build.0 = Debug|Any CPU
		{0CA0BA64-EB44-4972-B8DF-81DF9E4D5754}.Release|Any CPU.ActiveCfg = Release|Any CPU
		{0CA0BA64-EB44-4972-B8DF-81DF9E4D5754}.Release|Any CPU.Build.0 = Release|Any CPU
		{A41FF0E6-0555-4B51-8C67-C7A1563007D0}.Debug|Any CPU.ActiveCfg = Debug|Any CPU
		{A41FF0E6-0555-4B51-8C67-C7A1563007D0}.Debug|Any CPU.Build.0 = Debug|Any CPU
		{A41FF0E6-0555-4B51-8C67-C7A1563007D0}.Release|Any CPU.ActiveCfg = Release|Any CPU
		{A41FF0E6-0555-4B51-8C67-C7A1563007D0}.Release|Any CPU.Build.0 = Release|Any CPU
		{E3599A28-F0CF-41F6-8EC4-DBAF8ED425E6}.Debug|Any CPU.ActiveCfg = Debug|Any CPU
		{E3599A28-F0CF-41F6-8EC4-DBAF8ED425E6}.Debug|Any CPU.Build.0 = Debug|Any CPU
		{E3599A28-F0CF-41F6-8EC4-DBAF8ED425E6}.Release|Any CPU.ActiveCfg = Release|Any CPU
		{E3599A28-F0CF-41F6-8EC4-DBAF8ED425E6}.Release|Any CPU.Build.0 = Release|Any CPU
		{883D7048-554E-41A9-946E-89E286DB72AE}.Debug|Any CPU.ActiveCfg = Debug|Any CPU
		{883D7048-554E-41A9-946E-89E286DB72AE}.Debug|Any CPU.Build.0 = Debug|Any CPU
		{883D7048-554E-41A9-946E-89E286DB72AE}.Release|Any CPU.ActiveCfg = Release|Any CPU
		{883D7048-554E-41A9-946E-89E286DB72AE}.Release|Any CPU.Build.0 = Release|Any CPU
		{B6CCA245-AE6C-40E3-97C6-BF250F8C1435}.Debug|Any CPU.ActiveCfg = Debug|Any CPU
		{B6CCA245-AE6C-40E3-97C6-BF250F8C1435}.Debug|Any CPU.Build.0 = Debug|Any CPU
		{B6CCA245-AE6C-40E3-97C6-BF250F8C1435}.Release|Any CPU.ActiveCfg = Release|Any CPU
		{B6CCA245-AE6C-40E3-97C6-BF250F8C1435}.Release|Any CPU.Build.0 = Release|Any CPU
	EndGlobalSection
	GlobalSection(SolutionProperties) = preSolution
		HideSolutionNode = FALSE
	EndGlobalSection
	GlobalSection(NestedProjects) = preSolution
		{B6CCA245-AE6C-40E3-97C6-BF250F8C1435} = {1020ADC8-CBEC-49FE-ADF3-62840291D87A}
		{883D7048-554E-41A9-946E-89E286DB72AE} = {1020ADC8-CBEC-49FE-ADF3-62840291D87A}
	EndGlobalSection
EndGlobal
