
Microsoft Visual Studio Solution File, Format Version 12.00
# Visual Studio 2013
VisualStudioVersion = 12.0.0.0
MinimumVisualStudioVersion = 10.0.0.1
Project("{FAE04EC0-301F-11D3-BF4B-00C04F79EFBC}") = "DSJTournaments.AdminApi", "DSJTournaments.AdminApi\DSJTournaments.AdminApi.csproj", "{1B2B4353-3E52-44B9-900A-5E039C3EE773}"
EndProject
Project("{FAE04EC0-301F-11D3-BF4B-00C04F79EFBC}") = "DSJTournaments.Data", "..\shared\DSJTournaments.Data\DSJTournaments.Data.csproj", "{61B491A4-28E6-42B5-A9B7-C42B08DE6237}"
EndProject
Project("{FAE04EC0-301F-11D3-BF4B-00C04F79EFBC}") = "DSJTournaments.Mvc", "..\shared\DSJTournaments.Mvc\DSJTournaments.Mvc.csproj", "{C883CA85-EDF3-450D-BE42-060FAB5D4ABB}"
EndProject
Project("{2150E333-8FDC-42A3-9474-1A3956D46DE8}") = "Shared", "Shared", "{9F31F6ED-27E6-45CF-8974-66483ED8D554}"
EndProject
Global
	GlobalSection(SolutionConfigurationPlatforms) = preSolution
		Debug|Any CPU = Debug|Any CPU
		Release|Any CPU = Release|Any CPU
	EndGlobalSection
	GlobalSection(ProjectConfigurationPlatforms) = postSolution
		{1B2B4353-3E52-44B9-900A-5E039C3EE773}.Debug|Any CPU.ActiveCfg = Debug|Any CPU
		{1B2B4353-3E52-44B9-900A-5E039C3EE773}.Debug|Any CPU.Build.0 = Debug|Any CPU
		{1B2B4353-3E52-44B9-900A-5E039C3EE773}.Release|Any CPU.ActiveCfg = Release|Any CPU
		{1B2B4353-3E52-44B9-900A-5E039C3EE773}.Release|Any CPU.Build.0 = Release|Any CPU
		{61B491A4-28E6-42B5-A9B7-C42B08DE6237}.Debug|Any CPU.ActiveCfg = Debug|Any CPU
		{61B491A4-28E6-42B5-A9B7-C42B08DE6237}.Debug|Any CPU.Build.0 = Debug|Any CPU
		{61B491A4-28E6-42B5-A9B7-C42B08DE6237}.Release|Any CPU.ActiveCfg = Release|Any CPU
		{61B491A4-28E6-42B5-A9B7-C42B08DE6237}.Release|Any CPU.Build.0 = Release|Any CPU
		{C883CA85-EDF3-450D-BE42-060FAB5D4ABB}.Debug|Any CPU.ActiveCfg = Debug|Any CPU
		{C883CA85-EDF3-450D-BE42-060FAB5D4ABB}.Debug|Any CPU.Build.0 = Debug|Any CPU
		{C883CA85-EDF3-450D-BE42-060FAB5D4ABB}.Release|Any CPU.ActiveCfg = Release|Any CPU
		{C883CA85-EDF3-450D-BE42-060FAB5D4ABB}.Release|Any CPU.Build.0 = Release|Any CPU
	EndGlobalSection
	GlobalSection(SolutionProperties) = preSolution
		HideSolutionNode = FALSE
	EndGlobalSection
	GlobalSection(NestedProjects) = preSolution
		{61B491A4-28E6-42B5-A9B7-C42B08DE6237} = {9F31F6ED-27E6-45CF-8974-66483ED8D554}
		{C883CA85-EDF3-450D-BE42-060FAB5D4ABB} = {9F31F6ED-27E6-45CF-8974-66483ED8D554}
	EndGlobalSection
EndGlobal
