Microsoft Visual Studio Solution File, Format Version 12.00
# Visual Studio 15
VisualStudioVersion = 15.0.26730.12
MinimumVisualStudioVersion = 15.0.26124.0
Project("{9A19103F-16F7-4668-BE54-9A1E7A4F7556}") = "DSJTournaments.Api", "DSJTournaments.Api\DSJTournaments.Api.csproj", "{A2351141-C439-4504-89E5-7E704E389602}"
EndProject
Project("{9A19103F-16F7-4668-BE54-9A1E7A4F7556}") = "DSJTournaments.Api.UnitTests", "DSJTournaments.Api.UnitTests\DSJTournaments.Api.UnitTests.csproj", "{84230C1F-4281-4FE6-8F43-2463F45B2065}"
EndProject
Project("{9A19103F-16F7-4668-BE54-9A1E7A4F7556}") = "DSJTournaments.Api.IntegrationTests", "DSJTournaments.Api.IntegrationTests\DSJTournaments.Api.IntegrationTests.csproj", "{7024BE8C-0D32-4C20-A261-E0B6421050D7}"
EndProject
Global
	GlobalSection(SolutionConfigurationPlatforms) = preSolution
		Debug|Any CPU = Debug|Any CPU
		Debug|x64 = Debug|x64
		Debug|x86 = Debug|x86
		Release|Any CPU = Release|Any CPU
		Release|x64 = Release|x64
		Release|x86 = Release|x86
	EndGlobalSection
	GlobalSection(ProjectConfigurationPlatforms) = postSolution
		{A2351141-C439-4504-89E5-7E704E389602}.Debug|Any CPU.ActiveCfg = Debug|Any CPU
		{A2351141-C439-4504-89E5-7E704E389602}.Debug|Any CPU.Build.0 = Debug|Any CPU
		{A2351141-C439-4504-89E5-7E704E389602}.Debug|x64.ActiveCfg = Debug|Any CPU
		{A2351141-C439-4504-89E5-7E704E389602}.Debug|x64.Build.0 = Debug|Any CPU
		{A2351141-C439-4504-89E5-7E704E389602}.Debug|x86.ActiveCfg = Debug|Any CPU
		{A2351141-C439-4504-89E5-7E704E389602}.Debug|x86.Build.0 = Debug|Any CPU
		{A2351141-C439-4504-89E5-7E704E389602}.Release|Any CPU.ActiveCfg = Release|Any CPU
		{A2351141-C439-4504-89E5-7E704E389602}.Release|Any CPU.Build.0 = Release|Any CPU
		{A2351141-C439-4504-89E5-7E704E389602}.Release|x64.ActiveCfg = Release|Any CPU
		{A2351141-C439-4504-89E5-7E704E389602}.Release|x64.Build.0 = Release|Any CPU
		{A2351141-C439-4504-89E5-7E704E389602}.Release|x86.ActiveCfg = Release|Any CPU
		{A2351141-C439-4504-89E5-7E704E389602}.Release|x86.Build.0 = Release|Any CPU
		{84230C1F-4281-4FE6-8F43-2463F45B2065}.Debug|Any CPU.ActiveCfg = Debug|Any CPU
		{84230C1F-4281-4FE6-8F43-2463F45B2065}.Debug|Any CPU.Build.0 = Debug|Any CPU
		{84230C1F-4281-4FE6-8F43-2463F45B2065}.Debug|x64.ActiveCfg = Debug|Any CPU
		{84230C1F-4281-4FE6-8F43-2463F45B2065}.Debug|x64.Build.0 = Debug|Any CPU
		{84230C1F-4281-4FE6-8F43-2463F45B2065}.Debug|x86.ActiveCfg = Debug|Any CPU
		{84230C1F-4281-4FE6-8F43-2463F45B2065}.Debug|x86.Build.0 = Debug|Any CPU
		{84230C1F-4281-4FE6-8F43-2463F45B2065}.Release|Any CPU.ActiveCfg = Release|Any CPU
		{84230C1F-4281-4FE6-8F43-2463F45B2065}.Release|Any CPU.Build.0 = Release|Any CPU
		{84230C1F-4281-4FE6-8F43-2463F45B2065}.Release|x64.ActiveCfg = Release|Any CPU
		{84230C1F-4281-4FE6-8F43-2463F45B2065}.Release|x64.Build.0 = Release|Any CPU
		{84230C1F-4281-4FE6-8F43-2463F45B2065}.Release|x86.ActiveCfg = Release|Any CPU
		{84230C1F-4281-4FE6-8F43-2463F45B2065}.Release|x86.Build.0 = Release|Any CPU
		{7024BE8C-0D32-4C20-A261-E0B6421050D7}.Debug|Any CPU.ActiveCfg = Debug|Any CPU
		{7024BE8C-0D32-4C20-A261-E0B6421050D7}.Debug|Any CPU.Build.0 = Debug|Any CPU
		{7024BE8C-0D32-4C20-A261-E0B6421050D7}.Debug|x64.ActiveCfg = Debug|Any CPU
		{7024BE8C-0D32-4C20-A261-E0B6421050D7}.Debug|x64.Build.0 = Debug|Any CPU
		{7024BE8C-0D32-4C20-A261-E0B6421050D7}.Debug|x86.ActiveCfg = Debug|Any CPU
		{7024BE8C-0D32-4C20-A261-E0B6421050D7}.Debug|x86.Build.0 = Debug|Any CPU
		{7024BE8C-0D32-4C20-A261-E0B6421050D7}.Release|Any CPU.ActiveCfg = Release|Any CPU
		{7024BE8C-0D32-4C20-A261-E0B6421050D7}.Release|Any CPU.Build.0 = Release|Any CPU
		{7024BE8C-0D32-4C20-A261-E0B6421050D7}.Release|x64.ActiveCfg = Release|Any CPU
		{7024BE8C-0D32-4C20-A261-E0B6421050D7}.Release|x64.Build.0 = Release|Any CPU
		{7024BE8C-0D32-4C20-A261-E0B6421050D7}.Release|x86.ActiveCfg = Release|Any CPU
	EndGlobalSection
	GlobalSection(SolutionProperties) = preSolution
		HideSolutionNode = FALSE
	EndGlobalSection
	GlobalSection(ExtensibilityGlobals) = postSolution
		SolutionGuid = {C993AD46-15F5-4C01-AE38-017C49FADEDC}
	EndGlobalSection
EndGlobal
